{
  "nodes": {
    "nixpkgs": {
      "locked": {
        "lastModified": 1714030708,
        "narHash": "sha256-JOGPOxa8N6ySzB7SQBsh0OVz+UXZriyahgvfNHMIY0Y=",
        "owner": "NixOS",
        "repo": "nixpkgs",
        "rev": "b0d52b31f7f4d80f8bf38f0253652125579c35ff",
        "type": "github"
      },
      "original": {
        "owner": "NixOS",
        "ref": "nixpkgs-unstable",
        "repo": "nixpkgs",
        "type": "github"
      }
    },
    "root": {
      "inputs": {
        "nixpkgs": "nixpkgs"
      }
    }
  },
  "root": "root",
  "version": 7
}
